
Microsoft Visual Studio Solution File, Format Version 12.00
# Visual Studio 15
VisualStudioVersion = 15.0.28010.2046
MinimumVisualStudioVersion = 10.0.40219.1
Project("{9A19103F-16F7-4668-BE54-9A1E7A4F7556}") = "SyntraWestCSharpExercises", "SyntraWestCSharpExercises\SyntraWestCSharpExercises.csproj", "{EC066BA3-BB3F-45C0-8712-B7E3A55711B5}"
EndProject
Project("{9A19103F-16F7-4668-BE54-9A1E7A4F7556}") = "Quizes", "Quizes\Quizes.csproj", "{12DAE6DA-ED9B-4891-B1C4-7AA3A9B0CB30}"
EndProject
Project("{9A19103F-16F7-4668-BE54-9A1E7A4F7556}") = "Core", "Core\Core.csproj", "{715B34AC-36F2-4DD3-9029-11135698D5EE}"
EndProject
Project("{FAE04EC0-301F-11D3-BF4B-00C04F79EFBC}") = "Memory", "Memory\Memory.csproj", "{92182DF1-192D-489E-902B-6E5068E8FEF4}"
EndProject
Global
	GlobalSection(SolutionConfigurationPlatforms) = preSolution
		Debug|Any CPU = Debug|Any CPU
		Release|Any CPU = Release|Any CPU
	EndGlobalSection
	GlobalSection(ProjectConfigurationPlatforms) = postSolution
		{EC066BA3-BB3F-45C0-8712-B7E3A55711B5}.Debug|Any CPU.ActiveCfg = Debug|Any CPU
		{EC066BA3-BB3F-45C0-8712-B7E3A55711B5}.Debug|Any CPU.Build.0 = Debug|Any CPU
		{EC066BA3-BB3F-45C0-8712-B7E3A55711B5}.Release|Any CPU.ActiveCfg = Release|Any CPU
		{EC066BA3-BB3F-45C0-8712-B7E3A55711B5}.Release|Any CPU.Build.0 = Release|Any CPU
		{12DAE6DA-ED9B-4891-B1C4-7AA3A9B0CB30}.Debug|Any CPU.ActiveCfg = Debug|Any CPU
		{12DAE6DA-ED9B-4891-B1C4-7AA3A9B0CB30}.Debug|Any CPU.Build.0 = Debug|Any CPU
		{12DAE6DA-ED9B-4891-B1C4-7AA3A9B0CB30}.Release|Any CPU.ActiveCfg = Release|Any CPU
		{12DAE6DA-ED9B-4891-B1C4-7AA3A9B0CB30}.Release|Any CPU.Build.0 = Release|Any CPU
		{715B34AC-36F2-4DD3-9029-11135698D5EE}.Debug|Any CPU.ActiveCfg = Debug|Any CPU
		{715B34AC-36F2-4DD3-9029-11135698D5EE}.Debug|Any CPU.Build.0 = Debug|Any CPU
		{715B34AC-36F2-4DD3-9029-11135698D5EE}.Release|Any CPU.ActiveCfg = Release|Any CPU
		{715B34AC-36F2-4DD3-9029-11135698D5EE}.Release|Any CPU.Build.0 = Release|Any CPU
		{92182DF1-192D-489E-902B-6E5068E8FEF4}.Debug|Any CPU.ActiveCfg = Debug|Any CPU
		{92182DF1-192D-489E-902B-6E5068E8FEF4}.Debug|Any CPU.Build.0 = Debug|Any CPU
		{92182DF1-192D-489E-902B-6E5068E8FEF4}.Release|Any CPU.ActiveCfg = Release|Any CPU
		{92182DF1-192D-489E-902B-6E5068E8FEF4}.Release|Any CPU.Build.0 = Release|Any CPU
	EndGlobalSection
	GlobalSection(SolutionProperties) = preSolution
		HideSolutionNode = FALSE
	EndGlobalSection
	GlobalSection(ExtensibilityGlobals) = postSolution
		SolutionGuid = {0C26C38B-1A7D-49FC-ADA3-9956E6822A5E}
	EndGlobalSection
EndGlobal
