
Microsoft Visual Studio Solution File, Format Version 12.00
# Visual Studio 15
VisualStudioVersion = 15.0.28307.136
MinimumVisualStudioVersion = 10.0.40219.1
Project("{FAE04EC0-301F-11D3-BF4B-00C04F79EFBC}") = "Rekenmachiene", "Rekenmachiene\Rekenmachiene.csproj", "{9267D812-7CFE-4E4A-AB2A-F87B98A8C3EB}"
EndProject
Global
	GlobalSection(SolutionConfigurationPlatforms) = preSolution
		Debug|Any CPU = Debug|Any CPU
		Release|Any CPU = Release|Any CPU
	EndGlobalSection
	GlobalSection(ProjectConfigurationPlatforms) = postSolution
		{9267D812-7CFE-4E4A-AB2A-F87B98A8C3EB}.Debug|Any CPU.ActiveCfg = Debug|Any CPU
		{9267D812-7CFE-4E4A-AB2A-F87B98A8C3EB}.Debug|Any CPU.Build.0 = Debug|Any CPU
		{9267D812-7CFE-4E4A-AB2A-F87B98A8C3EB}.Release|Any CPU.ActiveCfg = Release|Any CPU
		{9267D812-7CFE-4E4A-AB2A-F87B98A8C3EB}.Release|Any CPU.Build.0 = Release|Any CPU
	EndGlobalSection
	GlobalSection(SolutionProperties) = preSolution
		HideSolutionNode = FALSE
	EndGlobalSection
	GlobalSection(ExtensibilityGlobals) = postSolution
		SolutionGuid = {D449C47C-5A8F-4189-A235-2C76327F869B}
	EndGlobalSection
EndGlobal
